lockfileVersion: '9.0'

settings:
  autoInstallPeers: true
  excludeLinksFromLockfile: false

importers:

  .:
    dependencies:
      mobx:
        specifier: '>=6.11'
        version: 6.15.0
      mobx-vue-lite:
        specifier: '>=0.4'
        version: 0.4.3(mobx@6.15.0)(vue@3.5.22(typescript@5.9.3))
      vue:
        specifier: '>=3'
        version: 3.5.22(typescript@5.9.3)
      vue-facing-decorator:
        specifier: '>=4'
        version: 4.0.1(vue@3.5.22(typescript@5.9.3))
      web-utility:
        specifier: '>=4'
        version: 4.6.1(element-internals-polyfill@3.0.2)(typescript@5.9.3)
    devDependencies:
      '@types/node':
        specifier: ^20.0.0
        version: 20.19.19
      typedoc:
        specifier: ^0.27.0
        version: 0.27.9(typescript@5.9.3)
      typescript:
        specifier: ^5.7.0
        version: 5.9.3

packages:

  '@babel/helper-string-parser@7.27.1':
    resolution: {integrity: sha512-qMlSxKbpRlAridDExk92nSobyDdpPijUq2DW6oDnUqd0iOGxmQjyqhMIihI9+zv4LPyZdRje2cavWPbCbWm3eA==}
    engines: {node: '>=6.9.0'}

  '@babel/helper-validator-identifier@7.27.1':
    resolution: {integrity: sha512-D2hP9eA+Sqx1kBZgzxZh0y1trbuU+JoDkiEwqhQ36nodYqJwyEIhPSdMNd7lOm/4io72luTPWH20Yda0xOuUow==}
    engines: {node: '>=6.9.0'}

  '@babel/parser@7.28.4':
    resolution: {integrity: sha512-yZbBqeM6TkpP9du/I2pUZnJsRMGGvOuIrhjzC1AwHwW+6he4mni6Bp/m8ijn0iOuZuPI2BfkCoSRunpyjnrQKg==}
    engines: {node: '>=6.0.0'}
    hasBin: true

  '@babel/types@7.28.4':
    resolution: {integrity: sha512-bkFqkLhh3pMBUQQkpVgWDWq/lqzc2678eUyDlTBhRqhCHFguYYGM0Efga7tYk4TogG/3x0EEl66/OQ+WGbWB/Q==}
    engines: {node: '>=6.9.0'}

  '@gerrit0/mini-shiki@1.27.2':
    resolution: {integrity: sha512-GeWyHz8ao2gBiUW4OJnQDxXQnFgZQwwQk05t/CVVgNBN7/rK8XZ7xY6YhLVv9tH3VppWWmr9DCl3MwemB/i+Og==}

  '@jridgewell/sourcemap-codec@1.5.5':
    resolution: {integrity: sha512-cYQ9310grqxueWbl+WuIUIaiUaDcj7WOq5fVhEljNVgRfOUhY9fy2zTvfoqWsnebh8Sl70VScFbICvJnLKB0Og==}

  '@shikijs/engine-oniguruma@1.29.2':
    resolution: {integrity: sha512-7iiOx3SG8+g1MnlzZVDYiaeHe7Ez2Kf2HrJzdmGwkRisT7r4rak0e655AcM/tF9JG/kg5fMNYlLLKglbN7gBqA==}

  '@shikijs/types@1.29.2':
    resolution: {integrity: sha512-VJjK0eIijTZf0QSTODEXCqinjBn0joAHQ+aPSBzrv4O2d/QSbsMw+ZeSRx03kV34Hy7NzUvV/7NqfYGRLrASmw==}

  '@shikijs/vscode-textmate@10.0.2':
    resolution: {integrity: sha512-83yeghZ2xxin3Nj8z1NMd/NCuca+gsYXswywDy5bHvwlWL8tpTQmzGeUuHd9FC3E/SBEMvzJRwWEOz5gGes9Qg==}

  '@swc/helpers@0.5.17':
    resolution: {integrity: sha512-5IKx/Y13RsYd+sauPb2x+U/xZikHjolzfuDgTAl/Tdf3Q8rslRvC19NKDLgAJQ6wsqADk10ntlv08nPFw/gO/A==}

  '@types/hast@3.0.4':
    resolution: {integrity: sha512-WPs+bbQw5aCj+x6laNGWLH3wviHtoCv/P3+otBhbOhJgG8qtpdAMlTCxLtsTWA7LH1Oh/bFCHsBn0TPS5m30EQ==}

  '@types/node@20.19.19':
    resolution: {integrity: sha512-pb1Uqj5WJP7wrcbLU7Ru4QtA0+3kAXrkutGiD26wUKzSMgNNaPARTUDQmElUXp64kh3cWdou3Q0C7qwwxqSFmg==}

  '@types/unist@3.0.3':
    resolution: {integrity: sha512-ko/gIFJRv177XgZsZcBwnqJN5x/Gien8qNOn0D5bQU/zAzVf9Zt3BlcUiLqhV9y4ARk0GbT3tnUiPNgnTXzc/Q==}

  '@types/web-bluetooth@0.0.20':
    resolution: {integrity: sha512-g9gZnnXVq7gM7v3tJCWV/qw7w+KeOlSHAhgF9RytFyifW6AF61hdT2ucrYhPq9hLs5JIryeupHV3qGk95dH9ow==}

  '@vue/compiler-core@3.5.22':
    resolution: {integrity: sha512-jQ0pFPmZwTEiRNSb+i9Ow/I/cHv2tXYqsnHKKyCQ08irI2kdF5qmYedmF8si8mA7zepUFmJ2hqzS8CQmNOWOkQ==}

  '@vue/compiler-dom@3.5.22':
    resolution: {integrity: sha512-W8RknzUM1BLkypvdz10OVsGxnMAuSIZs9Wdx1vzA3mL5fNMN15rhrSCLiTm6blWeACwUwizzPVqGJgOGBEN/hA==}

  '@vue/compiler-sfc@3.5.22':
    resolution: {integrity: sha512-tbTR1zKGce4Lj+JLzFXDq36K4vcSZbJ1RBu8FxcDv1IGRz//Dh2EBqksyGVypz3kXpshIfWKGOCcqpSbyGWRJQ==}

  '@vue/compiler-ssr@3.5.22':
    resolution: {integrity: sha512-GdgyLvg4R+7T8Nk2Mlighx7XGxq/fJf9jaVofc3IL0EPesTE86cP/8DD1lT3h1JeZr2ySBvyqKQJgbS54IX1Ww==}

  '@vue/reactivity@3.5.22':
    resolution: {integrity: sha512-f2Wux4v/Z2pqc9+4SmgZC1p73Z53fyD90NFWXiX9AKVnVBEvLFOWCEgJD3GdGnlxPZt01PSlfmLqbLYzY/Fw4A==}

  '@vue/runtime-core@3.5.22':
    resolution: {integrity: sha512-EHo4W/eiYeAzRTN5PCextDUZ0dMs9I8mQ2Fy+OkzvRPUYQEyK9yAjbasrMCXbLNhF7P0OUyivLjIy0yc6VrLJQ==}

  '@vue/runtime-dom@3.5.22':
    resolution: {integrity: sha512-Av60jsryAkI023PlN7LsqrfPvwfxOd2yAwtReCjeuugTJTkgrksYJJstg1e12qle0NarkfhfFu1ox2D+cQotww==}

  '@vue/server-renderer@3.5.22':
    resolution: {integrity: sha512-gXjo+ao0oHYTSswF+a3KRHZ1WszxIqO7u6XwNHqcqb9JfyIL/pbWrrh/xLv7jeDqla9u+LK7yfZKHih1e1RKAQ==}
    peerDependencies:
      vue: 3.5.22

  '@vue/shared@3.5.22':
    resolution: {integrity: sha512-F4yc6palwq3TT0u+FYf0Ns4Tfl9GRFURDN2gWG7L1ecIaS/4fCIuFOjMTnCyjsu/OK6vaDKLCrGAa+KvvH+h4w==}

  '@vueuse/core@10.7.2':
    resolution: {integrity: sha512-AOyAL2rK0By62Hm+iqQn6Rbu8bfmbgaIMXcE3TSr7BdQ42wnSFlwIdPjInO62onYsEMK/yDMU8C6oGfDAtZ2qQ==}

  '@vueuse/metadata@10.7.2':
    resolution: {integrity: sha512-kCWPb4J2KGrwLtn1eJwaJD742u1k5h6v/St5wFe8Quih90+k2a0JP8BS4Zp34XUuJqS2AxFYMb1wjUL8HfhWsQ==}

  '@vueuse/shared@10.7.2':
    resolution: {integrity: sha512-qFbXoxS44pi2FkgFjPvF4h7c9oMDutpyBdcJdMYIMg9XyXli2meFMuaKn+UMgsClo//Th6+beeCgqweT/79BVA==}

  argparse@2.0.1:
    resolution: {integrity: sha512-8+9WqebbFzpX9OR+Wa6O29asIogeRMzcGtAINdpMHHyAg10f05aSFVBbcEqGf/PXw1EjAZ+q2/bEBg3DvurK3Q==}

  balanced-match@1.0.2:
    resolution: {integrity: sha512-3oSeUO0TMV67hN1AmbXsK4yaqU7tjiHlbxRDZOpH0KW9+CeX4bRAaX0Anxt0tx2MrpRpWwQaPwIlISEJhYU5Pw==}

  brace-expansion@2.0.2:
    resolution: {integrity: sha512-Jt0vHyM+jmUBqojB7E1NIYadt0vI0Qxjxd2TErW94wDz+E2LAm5vKMXXwg6ZZBTHPuUlDgQHKXvjGBdfcF1ZDQ==}

  csstype@3.1.3:
    resolution: {integrity: sha512-M1uQkMl8rQK/szD0LNhtqxIPLpimGm8sOBwU7lLnCpSbTyY3yeU1Vc7l4KT5zT4s/yOxHH5O7tIuuLOCnLADRw==}

  element-internals-polyfill@3.0.2:
    resolution: {integrity: sha512-uB0/Qube3lkwh8SmkTnGIyUgJ9YdqVSzIoHMRCEQjAbD4Y5UzsVbch1tIxjTgUe5k3gy1U0ZMKMJ90A81lqwig==}

  entities@4.5.0:
    resolution: {integrity: sha512-V0hjH4dGPh9Ao5p0MoRY6BVqtwCjhz6vI5LT8AJ55H+4g9/4vbHx1I54fS0XuclLhDHArPQCiMjDxjaL8fPxhw==}
    engines: {node: '>=0.12'}

  estree-walker@2.0.2:
    resolution: {integrity: sha512-Rfkk/Mp/DL7JVje3u18FxFujQlTNR2q6QfMSMB7AvCBx91NGj/ba3kCfza0f6dVDbw7YlRf/nDrn7pQrCCyQ/w==}

  facing-metadata@2.0.3:
    resolution: {integrity: sha512-cznIFYEbjy5LCph7aolYr6+5B1PzJAPsW4q3xdsmJDdZgsepFCBq4vZkBgCGt2LZZKNwji0Qt1xU24JOqg/6xQ==}

  linkify-it@5.0.0:
    resolution: {integrity: sha512-5aHCbzQRADcdP+ATqnDuhhJ/MRIqDkZX5pyjFHRRysS8vZ5AbqGEoFIb6pYHPZ+L/OC2Lc+xT8uHVVR5CAK/wQ==}

  lunr@2.3.9:
    resolution: {integrity: sha512-zTU3DaZaF3Rt9rhN3uBMGQD3dD2/vFQqnvZCDv4dl5iOzq2IZQqTxu90r4E5J+nP70J3ilqVCrbho2eWaeW8Ow==}

  magic-string@0.30.19:
    resolution: {integrity: sha512-2N21sPY9Ws53PZvsEpVtNuSW+ScYbQdp4b9qUaL+9QkHUrGFKo56Lg9Emg5s9V/qrtNBmiR01sYhUOwu3H+VOw==}

  markdown-it@14.1.0:
    resolution: {integrity: sha512-a54IwgWPaeBCAAsv13YgmALOF1elABB08FxO9i+r4VFk5Vl4pKokRPeX8u5TCgSsPi6ec1otfLjdOpVcgbpshg==}
    hasBin: true

  mdurl@2.0.0:
    resolution: {integrity: sha512-Lf+9+2r+Tdp5wXDXC4PcIBjTDtq4UKjCPMQhKIuzpJNW0b96kVqSwW0bT7FhRSfmAiFYgP+SCRvdrDozfh0U5w==}

  minimatch@9.0.5:
    resolution: {integrity: sha512-G6T0ZX48xgozx7587koeX9Ys2NYy6Gmv//P89sEte9V9whIapMNF4idKxnW2QtCcLiTWlb/wfCabAtAFWhhBow==}
    engines: {node: '>=16 || 14 >=14.17'}

  mobx-vue-lite@0.4.3:
    resolution: {integrity: sha512-eTFd+Mpadl/w2EO2lik6Opax5kF4aHJTcRFKOLu+29oaUJBGZyP1z5gCQo9YzxkHlyytRNPny60NPJrbHRa70g==}
    peerDependencies:
      mobx: ^6.1.0
      vue: ^3.2.0

  mobx@6.15.0:
    resolution: {integrity: sha512-UczzB+0nnwGotYSgllfARAqWCJ5e/skuV2K/l+Zyck/H6pJIhLXuBnz+6vn2i211o7DtbE78HQtsYEKICHGI+g==}

  nanoid@3.3.11:
    resolution: {integrity: sha512-N8SpfPUnUp1bK+PMYW8qSWdl9U+wwNWI4QKxOYDy9JAro3WMX7p2OeVRF9v+347pnakNevPmiHhNmZ2HbFA76w==}
    engines: {node: ^10 || ^12 || ^13.7 || ^14 || >=15.0.1}
    hasBin: true

  picocolors@1.1.1:
    resolution: {integrity: sha512-xceH2snhtb5M9liqDsmEw56le376mTZkEX/jEb/RxNFyegNul7eNslCXP9FDj/Lcu0X8KEyMceP2ntpaHrDEVA==}

  postcss@8.5.6:
    resolution: {integrity: sha512-3Ybi1tAuwAP9s0r1UQ2J4n5Y0G05bJkpUIO0/bI9MhwmD70S5aTWbXGBwxHrelT+XM1k6dM0pk+SwNkpTRN7Pg==}
    engines: {node: ^10 || ^12 || >=14}

  punycode.js@2.3.1:
    resolution: {integrity: sha512-uxFIHU0YlHYhDQtV4R9J6a52SLx28BCjT+4ieh7IGbgwVJWO+km431c4yRlREUAsAmt/uMjQUyQHNEPf0M39CA==}
    engines: {node: '>=6'}

  regenerator-runtime@0.14.1:
    resolution: {integrity: sha512-dYnhHh0nJoMfnkZs6GmmhFknAGRrLznOu5nc9ML+EJxGvrx6H7teuevqVqCuPcPK//3eDrrjQhehXVx9cnkGdw==}

  source-map-js@1.2.1:
    resolution: {integrity: sha512-UXWMKhLOwVKb728IUtQPXxfYU+usdybtUrK/8uGE8CQMvrhOpwvzDBwj0QhSL7MQc7vIsISBG8VQ8+IDQxpfQA==}
    engines: {node: '>=0.10.0'}

  tslib@2.8.1:
    resolution: {integrity: sha512-oJFu94HQb+KVduSUQL7wnpmqnfmLsOA/nAh6b6EH0wCEoK0/mPeXU6c3wKDV83MkOuHPRHtSXKKU99IBazS/2w==}

  typedoc@0.27.9:
    resolution: {integrity: sha512-/z585740YHURLl9DN2jCWe6OW7zKYm6VoQ93H0sxZ1cwHQEQrUn5BJrEnkWhfzUdyO+BLGjnKUZ9iz9hKloFDw==}
    engines: {node: '>= 18'}
    hasBin: true
    peerDependencies:
      typescript: 5.0.x || 5.1.x || 5.2.x || 5.3.x || 5.4.x || 5.5.x || 5.6.x || 5.7.x || 5.8.x

  typescript@5.9.3:
    resolution: {integrity: sha512-jl1vZzPDinLr9eUt3J/t7V6FgNEw9QjvBPdysz9KfQDD41fQrC2Y4vKQdiaUpFT4bXlb1RHhLpp8wtm6M5TgSw==}
    engines: {node: '>=14.17'}
    hasBin: true

  uc.micro@2.1.0:
    resolution: {integrity: sha512-ARDJmphmdvUk6Glw7y9DQ2bFkKBHwQHLi2lsaH6PPmz/Ka9sFOBsBluozhDltWmnv9u/cF6Rt87znRTPV+yp/A==}

  undici-types@6.21.0:
    resolution: {integrity: sha512-iwDZqg0QAGrg9Rav5H4n0M64c3mkR59cJ6wQp+7C4nI0gsmExaedaYLNO44eT4AtBBwjbTiGPMlt2Md0T9H9JQ==}

  vue-demi@0.14.10:
    resolution: {integrity: sha512-nMZBOwuzabUO0nLgIcc6rycZEebF6eeUfaiQx9+WSk8e29IbLvPU9feI6tqW4kTo3hvoYAJkMh8n8D0fuISphg==}
    engines: {node: '>=12'}
    hasBin: true
    peerDependencies:
      '@vue/composition-api': ^1.0.0-rc.1
      vue: ^3.0.0-0 || ^2.6.0
    peerDependenciesMeta:
      '@vue/composition-api':
        optional: true

  vue-facing-decorator@4.0.1:
    resolution: {integrity: sha512-zBvPoiXVVCOSctoKmcYUHFu2qu0AGYAZOfT6LnPqcrSSOpElTJTd21cOIrGrnA1rYwzlp8jhQLmlcBKv1ETNRA==}
    peerDependencies:
      vue: ^3.0.0

  vue@3.5.22:
    resolution: {integrity: sha512-toaZjQ3a/G/mYaLSbV+QsQhIdMo9x5rrqIpYRObsJ6T/J+RyCSFwN2LHNVH9v8uIcljDNa3QzPVdv3Y6b9hAJQ==}
    peerDependencies:
      typescript: '*'
    peerDependenciesMeta:
      typescript:
        optional: true

  web-utility@4.6.1:
    resolution: {integrity: sha512-UjV8A0ELm0Dxmar4mUrX4WekHIJFeg67cWZU8pCO1rvB5l/6YBzrWrmRWxh/HdH3lrrjs+0EJ98XUkDGGjWqDg==}
    peerDependencies:
      element-internals-polyfill: '>=1'
      typescript: '>=4.1'

  yaml@2.8.1:
    resolution: {integrity: sha512-lcYcMxX2PO9XMGvAJkJ3OsNMw+/7FKes7/hgerGUYWIoWu5j/+YQqcZr5JnPZWzOsEBgMbSbiSTn/dv/69Mkpw==}
    engines: {node: '>= 14.6'}
    hasBin: true

snapshots:

  '@babel/helper-string-parser@7.27.1': {}

  '@babel/helper-validator-identifier@7.27.1': {}

  '@babel/parser@7.28.4':
    dependencies:
      '@babel/types': 7.28.4

  '@babel/types@7.28.4':
    dependencies:
      '@babel/helper-string-parser': 7.27.1
      '@babel/helper-validator-identifier': 7.27.1

  '@gerrit0/mini-shiki@1.27.2':
    dependencies:
      '@shikijs/engine-oniguruma': 1.29.2
      '@shikijs/types': 1.29.2
      '@shikijs/vscode-textmate': 10.0.2

  '@jridgewell/sourcemap-codec@1.5.5': {}

  '@shikijs/engine-oniguruma@1.29.2':
    dependencies:
      '@shikijs/types': 1.29.2
      '@shikijs/vscode-textmate': 10.0.2

  '@shikijs/types@1.29.2':
    dependencies:
      '@shikijs/vscode-textmate': 10.0.2
      '@types/hast': 3.0.4

  '@shikijs/vscode-textmate@10.0.2': {}

  '@swc/helpers@0.5.17':
    dependencies:
      tslib: 2.8.1

  '@types/hast@3.0.4':
    dependencies:
      '@types/unist': 3.0.3

  '@types/node@20.19.19':
    dependencies:
      undici-types: 6.21.0

  '@types/unist@3.0.3': {}

  '@types/web-bluetooth@0.0.20': {}

  '@vue/compiler-core@3.5.22':
    dependencies:
      '@babel/parser': 7.28.4
      '@vue/shared': 3.5.22
      entities: 4.5.0
      estree-walker: 2.0.2
      source-map-js: 1.2.1

  '@vue/compiler-dom@3.5.22':
    dependencies:
      '@vue/compiler-core': 3.5.22
      '@vue/shared': 3.5.22

  '@vue/compiler-sfc@3.5.22':
    dependencies:
      '@babel/parser': 7.28.4
      '@vue/compiler-core': 3.5.22
      '@vue/compiler-dom': 3.5.22
      '@vue/compiler-ssr': 3.5.22
      '@vue/shared': 3.5.22
      estree-walker: 2.0.2
      magic-string: 0.30.19
      postcss: 8.5.6
      source-map-js: 1.2.1

  '@vue/compiler-ssr@3.5.22':
    dependencies:
      '@vue/compiler-dom': 3.5.22
      '@vue/shared': 3.5.22

  '@vue/reactivity@3.5.22':
    dependencies:
      '@vue/shared': 3.5.22

  '@vue/runtime-core@3.5.22':
    dependencies:
      '@vue/reactivity': 3.5.22
      '@vue/shared': 3.5.22

  '@vue/runtime-dom@3.5.22':
    dependencies:
      '@vue/reactivity': 3.5.22
      '@vue/runtime-core': 3.5.22
      '@vue/shared': 3.5.22
      csstype: 3.1.3

  '@vue/server-renderer@3.5.22(vue@3.5.22(typescript@5.9.3))':
    dependencies:
      '@vue/compiler-ssr': 3.5.22
      '@vue/shared': 3.5.22
      vue: 3.5.22(typescript@5.9.3)

  '@vue/shared@3.5.22': {}

  '@vueuse/core@10.7.2(vue@3.5.22(typescript@5.9.3))':
    dependencies:
      '@types/web-bluetooth': 0.0.20
      '@vueuse/metadata': 10.7.2
      '@vueuse/shared': 10.7.2(vue@3.5.22(typescript@5.9.3))
      vue-demi: 0.14.10(vue@3.5.22(typescript@5.9.3))
    transitivePeerDependencies:
      - '@vue/composition-api'
      - vue

  '@vueuse/metadata@10.7.2': {}

  '@vueuse/shared@10.7.2(vue@3.5.22(typescript@5.9.3))':
    dependencies:
      vue-demi: 0.14.10(vue@3.5.22(typescript@5.9.3))
    transitivePeerDependencies:
      - '@vue/composition-api'
      - vue

  argparse@2.0.1: {}

  balanced-match@1.0.2: {}

  brace-expansion@2.0.2:
    dependencies:
      balanced-match: 1.0.2

  csstype@3.1.3: {}

  element-internals-polyfill@3.0.2: {}

  entities@4.5.0: {}

  estree-walker@2.0.2: {}

  facing-metadata@2.0.3: {}

  linkify-it@5.0.0:
    dependencies:
      uc.micro: 2.1.0

  lunr@2.3.9: {}

  magic-string@0.30.19:
    dependencies:
      '@jridgewell/sourcemap-codec': 1.5.5

  markdown-it@14.1.0:
    dependencies:
      argparse: 2.0.1
      entities: 4.5.0
      linkify-it: 5.0.0
      mdurl: 2.0.0
      punycode.js: 2.3.1
      uc.micro: 2.1.0

  mdurl@2.0.0: {}

  minimatch@9.0.5:
    dependencies:
      brace-expansion: 2.0.2

  mobx-vue-lite@0.4.3(mobx@6.15.0)(vue@3.5.22(typescript@5.9.3)):
    dependencies:
      '@vueuse/core': 10.7.2(vue@3.5.22(typescript@5.9.3))
      mobx: 6.15.0
      vue: 3.5.22(typescript@5.9.3)
    transitivePeerDependencies:
      - '@vue/composition-api'

  mobx@6.15.0: {}

  nanoid@3.3.11: {}

  picocolors@1.1.1: {}

  postcss@8.5.6:
    dependencies:
      nanoid: 3.3.11
      picocolors: 1.1.1
      source-map-js: 1.2.1

  punycode.js@2.3.1: {}

  regenerator-runtime@0.14.1: {}

  source-map-js@1.2.1: {}

  tslib@2.8.1: {}

  typedoc@0.27.9(typescript@5.9.3):
    dependencies:
      '@gerrit0/mini-shiki': 1.27.2
      lunr: 2.3.9
      markdown-it: 14.1.0
      minimatch: 9.0.5
      typescript: 5.9.3
      yaml: 2.8.1

  typescript@5.9.3: {}

  uc.micro@2.1.0: {}

  undici-types@6.21.0: {}

  vue-demi@0.14.10(vue@3.5.22(typescript@5.9.3)):
    dependencies:
      vue: 3.5.22(typescript@5.9.3)

  vue-facing-decorator@4.0.1(vue@3.5.22(typescript@5.9.3)):
    dependencies:
      facing-metadata: 2.0.3
      vue: 3.5.22(typescript@5.9.3)

  vue@3.5.22(typescript@5.9.3):
    dependencies:
      '@vue/compiler-dom': 3.5.22
      '@vue/compiler-sfc': 3.5.22
      '@vue/runtime-dom': 3.5.22
      '@vue/server-renderer': 3.5.22(vue@3.5.22(typescript@5.9.3))
      '@vue/shared': 3.5.22
    optionalDependencies:
      typescript: 5.9.3

  web-utility@4.6.1(element-internals-polyfill@3.0.2)(typescript@5.9.3):
    dependencies:
      '@swc/helpers': 0.5.17
      element-internals-polyfill: 3.0.2
      regenerator-runtime: 0.14.1
      typescript: 5.9.3

  yaml@2.8.1: {}
